{
  "originHash" : "73968b047add1bf3ee9b333d4fbc73f0448bc38b7202bbb97d893ab1d1cc8288",
  "pins" : [
    {
      "identity" : "elegant-emoji-picker",
      "kind" : "remoteSourceControl",
      "location" : "https://github.com/Finalet/Elegant-Emoji-Picker",
      "state" : {
        "branch" : "main",
        "revision" : "31605313f26a5997495aba6906b1c5bf8bf7b124"
      }
    },
    {
      "identity" : "inject",
      "kind" : "remoteSourceControl",
      "location" : "https://github.com/krzysztofzablocki/Inject.git",
      "state" : {
        "revision" : "728c56639ecb3df441d51d5bc6747329afabcfc9",
        "version" : "1.5.2"
      }
    }
  ],
  "version" : 3
}
