{
  "originHash" : "a7c91c7c8c00e11afe3a95302afa265f6bcff7ae39ed8b8620e666aebcc81b09",
  "pins" : [
    {
      "identity" : "elegant-emoji-picker",
      "kind" : "remoteSourceControl",
      "location" : "https://github.com/Finalet/Elegant-Emoji-Picker",
      "state" : {
        "branch" : "main",
        "revision" : "31605313f26a5997495aba6906b1c5bf8bf7b124"
      }
    },
    {
      "identity" : "inject",
      "kind" : "remoteSourceControl",
      "location" : "https://github.com/krzysztofzablocki/Inject.git",
      "state" : {
        "revision" : "728c56639ecb3df441d51d5bc6747329afabcfc9",
        "version" : "1.5.2"
      }
    },
    {
      "identity" : "reorderable",
      "kind" : "remoteSourceControl",
      "location" : "https://github.com/visfitness/reorderable",
      "state" : {
        "revision" : "25319647c88b1872b17f9cedc1424f0626c11f77",
        "version" : "1.3.1"
      }
    }
  ],
  "version" : 3
}
