// !$*UTF8*$!
{
	archiveVersion = 1;
	classes = {
	};
	objectVersion = 77;
	objects = {

/* Begin PBXBuildFile section */
		16E2F7FB2F37F9060002CB33 /* Inject in Frameworks */ = {isa = PBXBuildFile; productRef = 16E2F7FA2F37F9060002CB33 /* Inject */; };
		16E2F8292F3831820002CB33 /* ElegantEmojiPicker in Frameworks */ = {isa = PBXBuildFile; productRef = 16E2F8282F3831820002CB33 /* ElegantEmojiPicker */; };
		16E2F82E2F383AAA0002CB33 /* Reorderable in Frameworks */ = {isa = PBXBuildFile; productRef = 16E2F82D2F383AAA0002CB33 /* Reorderable */; };
/* End PBXBuildFile section */

/* Begin PBXContainerItemProxy section */
		16E2F7DD2F37F2520002CB33 /* PBXContainerItemProxy */ = {
			isa = PBXContainerItemProxy;
			containerPortal = 16E2F7C52F37F2500002CB33 /* Project object */;
			proxyType = 1;
			remoteGlobalIDString = 16E2F7CC2F37F2500002CB33;
			remoteInfo = Repeat;
		};
		16E2F7E72F37F2520002CB33 /* PBXContainerItemProxy */ = {
			isa = PBXContainerItemProxy;
			containerPortal = 16E2F7C52F37F2500002CB33 /* Project object */;
			proxyType = 1;
			remoteGlobalIDString = 16E2F7CC2F37F2500002CB33;
			remoteInfo = Repeat;
		};
/* End PBXContainerItemProxy section */

/* Begin PBXFileReference section */
		16E2F7CD2F37F2500002CB33 /* Repeat.app */ = {isa = PBXFileReference; explicitFileType = wrapper.application; includeInIndex = 0; path = Repeat.app; sourceTree = BUILT_PRODUCTS_DIR; };
		16E2F7DC2F37F2520002CB33 /* RepeatTests.xctest */ = {isa = PBXFileReference; explicitFileType = wrapper.cfbundle; includeInIndex = 0; path = RepeatTests.xctest; sourceTree = BUILT_PRODUCTS_DIR; };
		16E2F7E62F37F2520002CB33 /* RepeatUITests.xctest */ = {isa = PBXFileReference; explicitFileType = wrapper.cfbundle; includeInIndex = 0; path = RepeatUITests.xctest; sourceTree = BUILT_PRODUCTS_DIR; };
/* End PBXFileReference section */

/* Begin PBXFileSystemSynchronizedRootGroup section */
		16E2F7CF2F37F2500002CB33 /* Repeat */ = {
			isa = PBXFileSystemSynchronizedRootGroup;
			path = Repeat;
			sourceTree = "<group>";
		};
		16E2F7DF2F37F2520002CB33 /* RepeatTests */ = {
			isa = PBXFileSystemSynchronizedRootGroup;
			path = RepeatTests;
			sourceTree = "<group>";
		};
		16E2F7E92F37F2520002CB33 /* RepeatUITests */ = {
			isa = PBXFileSystemSynchronizedRootGroup;
			path = RepeatUITests;
			sourceTree = "<group>";
		};
/* End PBXFileSystemSynchronizedRootGroup section */

/* Begin PBXFrameworksBuildPhase section */
		16E2F7CA2F37F2500002CB33 /* Frameworks */ = {
			isa = PBXFrameworksBuildPhase;
			buildActionMask = 2147483647;
			files = (
				16E2F82E2F383AAA0002CB33 /* Reorderable in Frameworks */,
				16E2F8292F3831820002CB33 /* ElegantEmojiPicker in Frameworks */,
				16E2F7FB2F37F9060002CB33 /* Inject in Frameworks */,
			);
			runOnlyForDeploymentPostprocessing = 0;
		};
		16E2F7D92F37F2520002CB33 /* Frameworks */ = {
			isa = PBXFrameworksBuildPhase;
			buildActionMask = 2147483647;
			files = (
			);
			runOnlyForDeploymentPostprocessing = 0;
		};
		16E2F7E32F37F2520002CB33 /* Frameworks */ = {
			isa = PBXFrameworksBuildPhase;
			buildActionMask = 2147483647;
			files = (
			);
			runOnlyForDeploymentPostprocessing = 0;
		};
/* End PBXFrameworksBuildPhase section */

/* Begin PBXGroup section */
		16E2F7C42F37F2500002CB33 = {
			isa = PBXGroup;
			children = (
				16E2F7CF2F37F2500002CB33 /* Repeat */,
				16E2F7DF2F37F2520002CB33 /* RepeatTests */,
				16E2F7E92F37F2520002CB33 /* RepeatUITests */,
				16E2F7CE2F37F2500002CB33 /* Products */,
			);
			sourceTree = "<group>";
		};
		16E2F7CE2F37F2500002CB33 /* Products */ = {
			isa = PBXGroup;
			children = (
				16E2F7CD2F37F2500002CB33 /* Repeat.app */,
				16E2F7DC2F37F2520002CB33 /* RepeatTests.xctest */,
				16E2F7E62F37F2520002CB33 /* RepeatUITests.xctest */,
			);
			name = Products;
			sourceTree = "<group>";
		};
/* End PBXGroup section */

/* Begin PBXNativeTarget section */
		16E2F7CC2F37F2500002CB33 /* Repeat */ = {
			isa = PBXNativeTarget;
			buildConfigurationList = 16E2F7F02F37F2520002CB33 /* Build configuration list for PBXNativeTarget "Repeat" */;
			buildPhases = (
				16E2F7C92F37F2500002CB33 /* Sources */,
				16E2F7CA2F37F2500002CB33 /* Frameworks */,
				16E2F7CB2F37F2500002CB33 /* Resources */,
			);
			buildRules = (
			);
			dependencies = (
			);
			fileSystemSynchronizedGroups = (
				16E2F7CF2F37F2500002CB33 /* Repeat */,
			);
			name = Repeat;
			packageProductDependencies = (
				16E2F7FA2F37F9060002CB33 /* Inject */,
				16E2F8282F3831820002CB33 /* ElegantEmojiPicker */,
				16E2F82D2F383AAA0002CB33 /* Reorderable */,
			);
			productName = Repeat;
			productReference = 16E2F7CD2F37F2500002CB33 /* Repeat.app */;
			productType = "com.apple.product-type.application";
		};
		16E2F7DB2F37F2520002CB33 /* RepeatTests */ = {
			isa = PBXNativeTarget;
			buildConfigurationList = 16E2F7F32F37F2520002CB33 /* Build configuration list for PBXNativeTarget "RepeatTests" */;
			buildPhases = (
				16E2F7D82F37F2520002CB33 /* Sources */,
				16E2F7D92F37F2520002CB33 /* Frameworks */,
				16E2F7DA2F37F2520002CB33 /* Resources */,
			);
			buildRules = (
			);
			dependencies = (
				16E2F7DE2F37F2520002CB33 /* PBXTargetDependency */,
			);
			fileSystemSynchronizedGroups = (
				16E2F7DF2F37F2520002CB33 /* RepeatTests */,
			);
			name = RepeatTests;
			packageProductDependencies = (
			);
			productName = RepeatTests;
			productReference = 16E2F7DC2F37F2520002CB33 /* RepeatTests.xctest */;
			productType = "com.apple.product-type.bundle.unit-test";
		};
		16E2F7E52F37F2520002CB33 /* RepeatUITests */ = {
			isa = PBXNativeTarget;
			buildConfigurationList = 16E2F7F62F37F2520002CB33 /* Build configuration list for PBXNativeTarget "RepeatUITests" */;
			buildPhases = (
				16E2F7E22F37F2520002CB33 /* Sources */,
				16E2F7E32F37F2520002CB33 /* Frameworks */,
				16E2F7E42F37F2520002CB33 /* Resources */,
			);
			buildRules = (
			);
			dependencies = (
				16E2F7E82F37F2520002CB33 /* PBXTargetDependency */,
			);
			fileSystemSynchronizedGroups = (
				16E2F7E92F37F2520002CB33 /* RepeatUITests */,
			);
			name = RepeatUITests;
			packageProductDependencies = (
			);
			productName = RepeatUITests;
			productReference = 16E2F7E62F37F2520002CB33 /* RepeatUITests.xctest */;
			productType = "com.apple.product-type.bundle.ui-testing";
		};
/* End PBXNativeTarget section */

/* Begin PBXProject section */
		16E2F7C52F37F2500002CB33 /* Project object */ = {
			isa = PBXProject;
			attributes = {
				BuildIndependentTargetsInParallel = 1;
				LastSwiftUpdateCheck = 2620;
				LastUpgradeCheck = 2620;
				TargetAttributes = {
					16E2F7CC2F37F2500002CB33 = {
						CreatedOnToolsVersion = 26.2;
					};
					16E2F7DB2F37F2520002CB33 = {
						CreatedOnToolsVersion = 26.2;
						TestTargetID = 16E2F7CC2F37F2500002CB33;
					};
					16E2F7E52F37F2520002CB33 = {
						CreatedOnToolsVersion = 26.2;
						TestTargetID = 16E2F7CC2F37F2500002CB33;
					};
				};
			};
			buildConfigurationList = 16E2F7C82F37F2500002CB33 /* Build configuration list for PBXProject "Repeat" */;
			developmentRegion = en;
			hasScannedForEncodings = 0;
			knownRegions = (
				en,
				Base,
			);
			mainGroup = 16E2F7C42F37F2500002CB33;
			minimizedProjectReferenceProxies = 1;
			packageReferences = (
				16E2F7F92F37F9060002CB33 /* XCRemoteSwiftPackageReference "Inject" */,
				16E2F8272F3831820002CB33 /* XCRemoteSwiftPackageReference "Elegant-Emoji-Picker" */,
				16E2F82C2F383AAA0002CB33 /* XCRemoteSwiftPackageReference "reorderable" */,
			);
			preferredProjectObjectVersion = 77;
			productRefGroup = 16E2F7CE2F37F2500002CB33 /* Products */;
			projectDirPath = "";
			projectRoot = "";
			targets = (
				16E2F7CC2F37F2500002CB33 /* Repeat */,
				16E2F7DB2F37F2520002CB33 /* RepeatTests */,
				16E2F7E52F37F2520002CB33 /* RepeatUITests */,
			);
		};
/* End PBXProject section */

/* Begin PBXResourcesBuildPhase section */
		16E2F7CB2F37F2500002CB33 /* Resources */ = {
			isa = PBXResourcesBuildPhase;
			buildActionMask = 2147483647;
			files = (
			);
			runOnlyForDeploymentPostprocessing = 0;
		};
		16E2F7DA2F37F2520002CB33 /* Resources */ = {
			isa = PBXResourcesBuildPhase;
			buildActionMask = 2147483647;
			files = (
			);
			runOnlyForDeploymentPostprocessing = 0;
		};
		16E2F7E42F37F2520002CB33 /* Resources */ = {
			isa = PBXResourcesBuildPhase;
			buildActionMask = 2147483647;
			files = (
			);
			runOnlyForDeploymentPostprocessing = 0;
		};
/* End PBXResourcesBuildPhase section */

/* Begin PBXSourcesBuildPhase section */
		16E2F7C92F37F2500002CB33 /* Sources */ = {
			isa = PBXSourcesBuildPhase;
			buildActionMask = 2147483647;
			files = (
			);
			runOnlyForDeploymentPostprocessing = 0;
		};
		16E2F7D82F37F2520002CB33 /* Sources */ = {
			isa = PBXSourcesBuildPhase;
			buildActionMask = 2147483647;
			files = (
			);
			runOnlyForDeploymentPostprocessing = 0;
		};
		16E2F7E22F37F2520002CB33 /* Sources */ = {
			isa = PBXSourcesBuildPhase;
			buildActionMask = 2147483647;
			files = (
			);
			runOnlyForDeploymentPostprocessing = 0;
		};
/* End PBXSourcesBuildPhase section */

/* Begin PBXTargetDependency section */
		16E2F7DE2F37F2520002CB33 /* PBXTargetDependency */ = {
			isa = PBXTargetDependency;
			target = 16E2F7CC2F37F2500002CB33 /* Repeat */;
			targetProxy = 16E2F7DD2F37F2520002CB33 /* PBXContainerItemProxy */;
		};
		16E2F7E82F37F2520002CB33 /* PBXTargetDependency */ = {
			isa = PBXTargetDependency;
			target = 16E2F7CC2F37F2500002CB33 /* Repeat */;
			targetProxy = 16E2F7E72F37F2520002CB33 /* PBXContainerItemProxy */;
		};
/* End PBXTargetDependency section */

/* Begin XCBuildConfiguration section */
		16E2F7EE2F37F2520002CB33 /* Debug */ = {
			isa = XCBuildConfiguration;
			buildSettings = {
				ALWAYS_SEARCH_USER_PATHS = NO;
				ASSETCATALOG_COMPILER_GENERATE_SWIFT_ASSET_SYMBOL_EXTENSIONS = YES;
				CLANG_ANALYZER_NONNULL = YES;
				CLANG_ANALYZER_NUMBER_OBJECT_CONVERSION = YES_AGGRESSIVE;
				CLANG_CXX_LANGUAGE_STANDARD = "gnu++20";
				CLANG_ENABLE_MODULES = YES;
				CLANG_ENABLE_OBJC_ARC = YES;
				CLANG_ENABLE_OBJC_WEAK = YES;
				CLANG_WARN_BLOCK_CAPTURE_AUTORELEASING = YES;
				CLANG_WARN_BOOL_CONVERSION = YES;
				CLANG_WARN_COMMA = YES;
				CLANG_WARN_CONSTANT_CONVERSION = YES;
				CLANG_WARN_DEPRECATED_OBJC_IMPLEMENTATIONS = YES;
				CLANG_WARN_DIRECT_OBJC_ISA_USAGE = YES_ERROR;
				CLANG_WARN_DOCUMENTATION_COMMENTS = YES;
				CLANG_WARN_EMPTY_BODY = YES;
				CLANG_WARN_ENUM_CONVERSION = YES;
				CLANG_WARN_INFINITE_RECURSION = YES;
				CLANG_WARN_INT_CONVERSION = YES;
				CLANG_WARN_NON_LITERAL_NULL_CONVERSION = YES;
				CLANG_WARN_OBJC_IMPLICIT_RETAIN_SELF = YES;
				CLANG_WARN_OBJC_LITERAL_CONVERSION = YES;
				CLANG_WARN_OBJC_ROOT_CLASS = YES_ERROR;
				CLANG_WARN_QUOTED_INCLUDE_IN_FRAMEWORK_HEADER = YES;
				CLANG_WARN_RANGE_LOOP_ANALYSIS = YES;
				CLANG_WARN_STRICT_PROTOTYPES = YES;
				CLANG_WARN_SUSPICIOUS_MOVE = YES;
				CLANG_WARN_UNGUARDED_AVAILABILITY = YES_AGGRESSIVE;
				CLANG_WARN_UNREACHABLE_CODE = YES;
				CLANG_WARN__DUPLICATE_METHOD_MATCH = YES;
				COPY_PHASE_STRIP = NO;
				DEBUG_INFORMATION_FORMAT = dwarf;
				DEVELOPMENT_TEAM = U9UDT756XX;
				EMIT_FRONTEND_COMMAND_LINES = YES;
				ENABLE_STRICT_OBJC_MSGSEND = YES;
				ENABLE_TESTABILITY = YES;
				ENABLE_USER_SCRIPT_SANDBOXING = YES;
				GCC_C_LANGUAGE_STANDARD = gnu17;
				GCC_DYNAMIC_NO_PIC = NO;
				GCC_NO_COMMON_BLOCKS = YES;
				GCC_OPTIMIZATION_LEVEL = 0;
				GCC_PREPROCESSOR_DEFINITIONS = (
					"DEBUG=1",
					"$(inherited)",
				);
				GCC_WARN_64_TO_32_BIT_CONVERSION = YES;
				GCC_WARN_ABOUT_RETURN_TYPE = YES_ERROR;
				GCC_WARN_UNDECLARED_SELECTOR = YES;
				GCC_WARN_UNINITIALIZED_AUTOS = YES_AGGRESSIVE;
				GCC_WARN_UNUSED_FUNCTION = YES;
				GCC_WARN_UNUSED_VARIABLE = YES;
				IPHONEOS_DEPLOYMENT_TARGET = 26.2;
				LOCALIZATION_PREFERS_STRING_CATALOGS = YES;
				MTL_ENABLE_DEBUG_INFO = INCLUDE_SOURCE;
				MTL_FAST_MATH = YES;
				ONLY_ACTIVE_ARCH = YES;
				"OTHER_LDFLAGS[arch=*]" = (
					"-Xlinker",
					"-interposable",
				);
				SDKROOT = iphoneos;
				SWIFT_ACTIVE_COMPILATION_CONDITIONS = "DEBUG $(inherited)";
				SWIFT_OPTIMIZATION_LEVEL = "-Onone";
			};
			name = Debug;
		};
		16E2F7EF2F37F2520002CB33 /* Release */ = {
			isa = XCBuildConfiguration;
			buildSettings = {
				ALWAYS_SEARCH_USER_PATHS = NO;
				ASSETCATALOG_COMPILER_GENERATE_SWIFT_ASSET_SYMBOL_EXTENSIONS = YES;
				CLANG_ANALYZER_NONNULL = YES;
				CLANG_ANALYZER_NUMBER_OBJECT_CONVERSION = YES_AGGRESSIVE;
				CLANG_CXX_LANGUAGE_STANDARD = "gnu++20";
				CLANG_ENABLE_MODULES = YES;
				CLANG_ENABLE_OBJC_ARC = YES;
				CLANG_ENABLE_OBJC_WEAK = YES;
				CLANG_WARN_BLOCK_CAPTURE_AUTORELEASING = YES;
				CLANG_WARN_BOOL_CONVERSION = YES;
				CLANG_WARN_COMMA = YES;
				CLANG_WARN_CONSTANT_CONVERSION = YES;
				CLANG_WARN_DEPRECATED_OBJC_IMPLEMENTATIONS = YES;
				CLANG_WARN_DIRECT_OBJC_ISA_USAGE = YES_ERROR;
				CLANG_WARN_DOCUMENTATION_COMMENTS = YES;
				CLANG_WARN_EMPTY_BODY = YES;
				CLANG_WARN_ENUM_CONVERSION = YES;
				CLANG_WARN_INFINITE_RECURSION = YES;
				CLANG_WARN_INT_CONVERSION = YES;
				CLANG_WARN_NON_LITERAL_NULL_CONVERSION = YES;
				CLANG_WARN_OBJC_IMPLICIT_RETAIN_SELF = YES;
				CLANG_WARN_OBJC_LITERAL_CONVERSION = YES;
				CLANG_WARN_OBJC_ROOT_CLASS = YES_ERROR;
				CLANG_WARN_QUOTED_INCLUDE_IN_FRAMEWORK_HEADER = YES;
				CLANG_WARN_RANGE_LOOP_ANALYSIS = YES;
				CLANG_WARN_STRICT_PROTOTYPES = YES;
				CLANG_WARN_SUSPICIOUS_MOVE = YES;
				CLANG_WARN_UNGUARDED_AVAILABILITY = YES_AGGRESSIVE;
				CLANG_WARN_UNREACHABLE_CODE = YES;
				CLANG_WARN__DUPLICATE_METHOD_MATCH = YES;
				COPY_PHASE_STRIP = NO;
				DEBUG_INFORMATION_FORMAT = "dwarf-with-dsym";
				DEVELOPMENT_TEAM = U9UDT756XX;
				EMIT_FRONTEND_COMMAND_LINES = YES;
				ENABLE_NS_ASSERTIONS = NO;
				ENABLE_STRICT_OBJC_MSGSEND = YES;
				ENABLE_USER_SCRIPT_SANDBOXING = YES;
				GCC_C_LANGUAGE_STANDARD = gnu17;
				GCC_NO_COMMON_BLOCKS = YES;
				GCC_WARN_64_TO_32_BIT_CONVERSION = YES;
				GCC_WARN_ABOUT_RETURN_TYPE = YES_ERROR;
				GCC_WARN_UNDECLARED_SELECTOR = YES;
				GCC_WARN_UNINITIALIZED_AUTOS = YES_AGGRESSIVE;
				GCC_WARN_UNUSED_FUNCTION = YES;
				GCC_WARN_UNUSED_VARIABLE = YES;
				IPHONEOS_DEPLOYMENT_TARGET = 26.2;
				LOCALIZATION_PREFERS_STRING_CATALOGS = YES;
				MTL_ENABLE_DEBUG_INFO = NO;
				MTL_FAST_MATH = YES;
				SDKROOT = iphoneos;
				SWIFT_COMPILATION_MODE = wholemodule;
				VALIDATE_PRODUCT = YES;
			};
			name = Release;
		};
		16E2F7F12F37F2520002CB33 /* Debug */ = {
			isa = XCBuildConfiguration;
			buildSettings = {
				ASSETCATALOG_COMPILER_APPICON_NAME = AppIcon;
				ASSETCATALOG_COMPILER_GLOBAL_ACCENT_COLOR_NAME = AccentColor;
				CODE_SIGN_STYLE = Automatic;
				CURRENT_PROJECT_VERSION = 1;
				DEVELOPMENT_TEAM = U9UDT756XX;
				ENABLE_PREVIEWS = YES;
				GENERATE_INFOPLIST_FILE = YES;
				INFOPLIST_KEY_UIApplicationSceneManifest_Generation = YES;
				INFOPLIST_KEY_UIApplicationSupportsIndirectInputEvents = YES;
				INFOPLIST_KEY_UILaunchScreen_Generation = YES;
				INFOPLIST_KEY_UISupportedInterfaceOrientations_iPad = "UIInterfaceOrientationPortrait UIInterfaceOrientationPortraitUpsideDown UIInterfaceOrientationLandscapeLeft UIInterfaceOrientationLandscapeRight";
				INFOPLIST_KEY_UISupportedInterfaceOrientations_iPhone = "UIInterfaceOrientationPortrait UIInterfaceOrientationLandscapeLeft UIInterfaceOrientationLandscapeRight";
				LD_RUNPATH_SEARCH_PATHS = (
					"$(inherited)",
					"@executable_path/Frameworks",
				);
				MARKETING_VERSION = 1.0;
				PRODUCT_BUNDLE_IDENTIFIER = co.ghostsoftware.Repeat;
				PRODUCT_NAME = "$(TARGET_NAME)";
				STRING_CATALOG_GENERATE_SYMBOLS = YES;
				SWIFT_APPROACHABLE_CONCURRENCY = YES;
				SWIFT_DEFAULT_ACTOR_ISOLATION = MainActor;
				SWIFT_EMIT_LOC_STRINGS = YES;
				SWIFT_UPCOMING_FEATURE_MEMBER_IMPORT_VISIBILITY = YES;
				SWIFT_VERSION = 5.0;
				TARGETED_DEVICE_FAMILY = "1,2";
			};
			name = Debug;
		};
		16E2F7F22F37F2520002CB33 /* Release */ = {
			isa = XCBuildConfiguration;
			buildSettings = {
				ASSETCATALOG_COMPILER_APPICON_NAME = AppIcon;
				ASSETCATALOG_COMPILER_GLOBAL_ACCENT_COLOR_NAME = AccentColor;
				CODE_SIGN_STYLE = Automatic;
				CURRENT_PROJECT_VERSION = 1;
				DEVELOPMENT_TEAM = U9UDT756XX;
				ENABLE_PREVIEWS = YES;
				GENERATE_INFOPLIST_FILE = YES;
				INFOPLIST_KEY_UIApplicationSceneManifest_Generation = YES;
				INFOPLIST_KEY_UIApplicationSupportsIndirectInputEvents = YES;
				INFOPLIST_KEY_UILaunchScreen_Generation = YES;
				INFOPLIST_KEY_UISupportedInterfaceOrientations_iPad = "UIInterfaceOrientationPortrait UIInterfaceOrientationPortraitUpsideDown UIInterfaceOrientationLandscapeLeft UIInterfaceOrientationLandscapeRight";
				INFOPLIST_KEY_UISupportedInterfaceOrientations_iPhone = "UIInterfaceOrientationPortrait UIInterfaceOrientationLandscapeLeft UIInterfaceOrientationLandscapeRight";
				LD_RUNPATH_SEARCH_PATHS = (
					"$(inherited)",
					"@executable_path/Frameworks",
				);
				MARKETING_VERSION = 1.0;
				PRODUCT_BUNDLE_IDENTIFIER = co.ghostsoftware.Repeat;
				PRODUCT_NAME = "$(TARGET_NAME)";
				STRING_CATALOG_GENERATE_SYMBOLS = YES;
				SWIFT_APPROACHABLE_CONCURRENCY = YES;
				SWIFT_DEFAULT_ACTOR_ISOLATION = MainActor;
				SWIFT_EMIT_LOC_STRINGS = YES;
				SWIFT_UPCOMING_FEATURE_MEMBER_IMPORT_VISIBILITY = YES;
				SWIFT_VERSION = 5.0;
				TARGETED_DEVICE_FAMILY = "1,2";
			};
			name = Release;
		};
		16E2F7F42F37F2520002CB33 /* Debug */ = {
			isa = XCBuildConfiguration;
			buildSettings = {
				BUNDLE_LOADER = "$(TEST_HOST)";
				CODE_SIGN_STYLE = Automatic;
				CURRENT_PROJECT_VERSION = 1;
				DEVELOPMENT_TEAM = U9UDT756XX;
				GENERATE_INFOPLIST_FILE = YES;
				IPHONEOS_DEPLOYMENT_TARGET = 26.2;
				MARKETING_VERSION = 1.0;
				PRODUCT_BUNDLE_IDENTIFIER = co.ghostsoftware.RepeatTests;
				PRODUCT_NAME = "$(TARGET_NAME)";
				STRING_CATALOG_GENERATE_SYMBOLS = NO;
				SWIFT_APPROACHABLE_CONCURRENCY = YES;
				SWIFT_EMIT_LOC_STRINGS = NO;
				SWIFT_UPCOMING_FEATURE_MEMBER_IMPORT_VISIBILITY = YES;
				SWIFT_VERSION = 5.0;
				TARGETED_DEVICE_FAMILY = "1,2";
				TEST_HOST = "$(BUILT_PRODUCTS_DIR)/Repeat.app/$(BUNDLE_EXECUTABLE_FOLDER_PATH)/Repeat";
			};
			name = Debug;
		};
		16E2F7F52F37F2520002CB33 /* Release */ = {
			isa = XCBuildConfiguration;
			buildSettings = {
				BUNDLE_LOADER = "$(TEST_HOST)";
				CODE_SIGN_STYLE = Automatic;
				CURRENT_PROJECT_VERSION = 1;
				DEVELOPMENT_TEAM = U9UDT756XX;
				GENERATE_INFOPLIST_FILE = YES;
				IPHONEOS_DEPLOYMENT_TARGET = 26.2;
				MARKETING_VERSION = 1.0;
				PRODUCT_BUNDLE_IDENTIFIER = co.ghostsoftware.RepeatTests;
				PRODUCT_NAME = "$(TARGET_NAME)";
				STRING_CATALOG_GENERATE_SYMBOLS = NO;
				SWIFT_APPROACHABLE_CONCURRENCY = YES;
				SWIFT_EMIT_LOC_STRINGS = NO;
				SWIFT_UPCOMING_FEATURE_MEMBER_IMPORT_VISIBILITY = YES;
				SWIFT_VERSION = 5.0;
				TARGETED_DEVICE_FAMILY = "1,2";
				TEST_HOST = "$(BUILT_PRODUCTS_DIR)/Repeat.app/$(BUNDLE_EXECUTABLE_FOLDER_PATH)/Repeat";
			};
			name = Release;
		};
		16E2F7F72F37F2520002CB33 /* Debug */ = {
			isa = XCBuildConfiguration;
			buildSettings = {
				CODE_SIGN_STYLE = Automatic;
				CURRENT_PROJECT_VERSION = 1;
				DEVELOPMENT_TEAM = U9UDT756XX;
				GENERATE_INFOPLIST_FILE = YES;
				MARKETING_VERSION = 1.0;
				PRODUCT_BUNDLE_IDENTIFIER = co.ghostsoftware.RepeatUITests;
				PRODUCT_NAME = "$(TARGET_NAME)";
				STRING_CATALOG_GENERATE_SYMBOLS = NO;
				SWIFT_APPROACHABLE_CONCURRENCY = YES;
				SWIFT_EMIT_LOC_STRINGS = NO;
				SWIFT_UPCOMING_FEATURE_MEMBER_IMPORT_VISIBILITY = YES;
				SWIFT_VERSION = 5.0;
				TARGETED_DEVICE_FAMILY = "1,2";
				TEST_TARGET_NAME = Repeat;
			};
			name = Debug;
		};
		16E2F7F82F37F2520002CB33 /* Release */ = {
			isa = XCBuildConfiguration;
			buildSettings = {
				CODE_SIGN_STYLE = Automatic;
				CURRENT_PROJECT_VERSION = 1;
				DEVELOPMENT_TEAM = U9UDT756XX;
				GENERATE_INFOPLIST_FILE = YES;
				MARKETING_VERSION = 1.0;
				PRODUCT_BUNDLE_IDENTIFIER = co.ghostsoftware.RepeatUITests;
				PRODUCT_NAME = "$(TARGET_NAME)";
				STRING_CATALOG_GENERATE_SYMBOLS = NO;
				SWIFT_APPROACHABLE_CONCURRENCY = YES;
				SWIFT_EMIT_LOC_STRINGS = NO;
				SWIFT_UPCOMING_FEATURE_MEMBER_IMPORT_VISIBILITY = YES;
				SWIFT_VERSION = 5.0;
				TARGETED_DEVICE_FAMILY = "1,2";
				TEST_TARGET_NAME = Repeat;
			};
			name = Release;
		};
/* End XCBuildConfiguration section */

/* Begin XCConfigurationList section */
		16E2F7C82F37F2500002CB33 /* Build configuration list for PBXProject "Repeat" */ = {
			isa = XCConfigurationList;
			buildConfigurations = (
				16E2F7EE2F37F2520002CB33 /* Debug */,
				16E2F7EF2F37F2520002CB33 /* Release */,
			);
			defaultConfigurationIsVisible = 0;
			defaultConfigurationName = Release;
		};
		16E2F7F02F37F2520002CB33 /* Build configuration list for PBXNativeTarget "Repeat" */ = {
			isa = XCConfigurationList;
			buildConfigurations = (
				16E2F7F12F37F2520002CB33 /* Debug */,
				16E2F7F22F37F2520002CB33 /* Release */,
			);
			defaultConfigurationIsVisible = 0;
			defaultConfigurationName = Release;
		};
		16E2F7F32F37F2520002CB33 /* Build configuration list for PBXNativeTarget "RepeatTests" */ = {
			isa = XCConfigurationList;
			buildConfigurations = (
				16E2F7F42F37F2520002CB33 /* Debug */,
				16E2F7F52F37F2520002CB33 /* Release */,
			);
			defaultConfigurationIsVisible = 0;
			defaultConfigurationName = Release;
		};
		16E2F7F62F37F2520002CB33 /* Build configuration list for PBXNativeTarget "RepeatUITests" */ = {
			isa = XCConfigurationList;
			buildConfigurations = (
				16E2F7F72F37F2520002CB33 /* Debug */,
				16E2F7F82F37F2520002CB33 /* Release */,
			);
			defaultConfigurationIsVisible = 0;
			defaultConfigurationName = Release;
		};
/* End XCConfigurationList section */

/* Begin XCRemoteSwiftPackageReference section */
		16E2F7F92F37F9060002CB33 /* XCRemoteSwiftPackageReference "Inject" */ = {
			isa = XCRemoteSwiftPackageReference;
			repositoryURL = "https://github.com/krzysztofzablocki/Inject.git";
			requirement = {
				kind = upToNextMajorVersion;
				minimumVersion = 1.5.2;
			};
		};
		16E2F8272F3831820002CB33 /* XCRemoteSwiftPackageReference "Elegant-Emoji-Picker" */ = {
			isa = XCRemoteSwiftPackageReference;
			repositoryURL = "https://github.com/Finalet/Elegant-Emoji-Picker";
			requirement = {
				branch = main;
				kind = branch;
			};
		};
		16E2F82C2F383AAA0002CB33 /* XCRemoteSwiftPackageReference "reorderable" */ = {
			isa = XCRemoteSwiftPackageReference;
			repositoryURL = "https://github.com/visfitness/reorderable";
			requirement = {
				kind = upToNextMajorVersion;
				minimumVersion = 1.3.1;
			};
		};
/* End XCRemoteSwiftPackageReference section */

/* Begin XCSwiftPackageProductDependency section */
		16E2F7FA2F37F9060002CB33 /* Inject */ = {
			isa = XCSwiftPackageProductDependency;
			package = 16E2F7F92F37F9060002CB33 /* XCRemoteSwiftPackageReference "Inject" */;
			productName = Inject;
		};
		16E2F8282F3831820002CB33 /* ElegantEmojiPicker */ = {
			isa = XCSwiftPackageProductDependency;
			package = 16E2F8272F3831820002CB33 /* XCRemoteSwiftPackageReference "Elegant-Emoji-Picker" */;
			productName = ElegantEmojiPicker;
		};
		16E2F82D2F383AAA0002CB33 /* Reorderable */ = {
			isa = XCSwiftPackageProductDependency;
			package = 16E2F82C2F383AAA0002CB33 /* XCRemoteSwiftPackageReference "reorderable" */;
			productName = Reorderable;
		};
/* End XCSwiftPackageProductDependency section */
	};
	rootObject = 16E2F7C52F37F2500002CB33 /* Project object */;
}
